
Microsoft Visual Studio Solution File, Format Version 12.00
# Visual Studio Version 17
VisualStudioVersion = 17.13.35931.197 d17.13
MinimumVisualStudioVersion = 10.0.40219.1
Project("{FAE04EC0-301F-11D3-BF4B-00C04F79EFBC}") = "frmfo", "frmfo\frmfo.csproj", "{1DA0ADA8-D5EA-4E69-A838-DCA16E94998F}"
EndProject
Global
	GlobalSection(SolutionConfigurationPlatforms) = preSolution
		Debug|Any CPU = Debug|Any CPU
		Release|Any CPU = Release|Any CPU
	EndGlobalSection
	GlobalSection(ProjectConfigurationPlatforms) = postSolution
		{1DA0ADA8-D5EA-4E69-A838-DCA16E94998F}.Debug|Any CPU.ActiveCfg = Debug|Any CPU
		{1DA0ADA8-D5EA-4E69-A838-DCA16E94998F}.Debug|Any CPU.Build.0 = Debug|Any CPU
		{1DA0ADA8-D5EA-4E69-A838-DCA16E94998F}.Release|Any CPU.ActiveCfg = Release|Any CPU
		{1DA0ADA8-D5EA-4E69-A838-DCA16E94998F}.Release|Any CPU.Build.0 = Release|Any CPU
	EndGlobalSection
	GlobalSection(SolutionProperties) = preSolution
		HideSolutionNode = FALSE
	EndGlobalSection
	GlobalSection(ExtensibilityGlobals) = postSolution
		SolutionGuid = {16ADAD2B-D2C4-4D94-9976-60BB24E18EA3}
	EndGlobalSection
EndGlobal
